
Microsoft Visual Studio Solution File, Format Version 12.00
# Visual Studio 15
VisualStudioVersion = 15.0.28307.421
MinimumVisualStudioVersion = 10.0.40219.1
Project("{888888A0-9F3D-457C-B088-3A5042F75D52}") = "CsvReader", "CsvReader\CsvReader.pyproj", "{AD981909-A1AF-4372-8D5C-40FFA2A90070}"
EndProject
Global
	GlobalSection(SolutionConfigurationPlatforms) = preSolution
		Debug|Any CPU = Debug|Any CPU
		Release|Any CPU = Release|Any CPU
	EndGlobalSection
	GlobalSection(ProjectConfigurationPlatforms) = postSolution
		{AD981909-A1AF-4372-8D5C-40FFA2A90070}.Debug|Any CPU.ActiveCfg = Debug|Any CPU
		{AD981909-A1AF-4372-8D5C-40FFA2A90070}.Release|Any CPU.ActiveCfg = Release|Any CPU
	EndGlobalSection
	GlobalSection(SolutionProperties) = preSolution
		HideSolutionNode = FALSE
	EndGlobalSection
	GlobalSection(ExtensibilityGlobals) = postSolution
		SolutionGuid = {B54F2DE3-A61B-40EB-861A-F2E6743B9E4E}
	EndGlobalSection
EndGlobal
